{
  "name": "@homy/test-entry",
  "version": "1.0.2",
  "lockfileVersion": 2,
  "requires": true,
  "packages": {
    "": {
      "name": "@homy/test-entry",
      "version": "1.0.2",
      "license": "ISC",
      "dependencies": {
        "@homy/test-entry": "^1.0.2"
      }
    },
    "node_modules/@homy/test-entry": {
      "version": "1.0.2",
      "resolved": "https://registry.npmjs.org/@homy/test-entry/-/test-entry-1.0.2.tgz",
      "integrity": "sha512-Fik5JWPSdL8xEJSDiCll91sQhXE2K6MPqN9NUnv0U8u0hEzD2En1CLmsQKls2iGNV90gPv/OtGOqxByIHfEbcA==",
      "dependencies": {
        "@homy/test-entry": "^1.0.1"
      }
    }
  },
  "dependencies": {
    "@homy/test-entry": {
      "version": "1.0.2",
      "resolved": "https://registry.npmjs.org/@homy/test-entry/-/test-entry-1.0.2.tgz",
      "integrity": "sha512-Fik5JWPSdL8xEJSDiCll91sQhXE2K6MPqN9NUnv0U8u0hEzD2En1CLmsQKls2iGNV90gPv/OtGOqxByIHfEbcA==",
      "requires": {
        "@homy/test-entry": "^1.0.1"
      }
    }
  }
}
